
Microsoft Visual Studio Solution File, Format Version 12.00
# Visual Studio Version 17
VisualStudioVersion = 17.12.35527.113 d17.12
MinimumVisualStudioVersion = 10.0.40219.1
Project("{FAE04EC0-301F-11D3-BF4B-00C04F79EFBC}") = "MediaSearchSystem", "MediaSearchSystem\MediaSearchSystem.csproj", "{5E402D2D-89D1-49B2-8E7C-EB50A38D6D7E}"
EndProject
Global
	GlobalSection(SolutionConfigurationPlatforms) = preSolution
		Debug|Any CPU = Debug|Any CPU
		Release|Any CPU = Release|Any CPU
	EndGlobalSection
	GlobalSection(ProjectConfigurationPlatforms) = postSolution
		{5E402D2D-89D1-49B2-8E7C-EB50A38D6D7E}.Debug|Any CPU.ActiveCfg = Debug|Any CPU
		{5E402D2D-89D1-49B2-8E7C-EB50A38D6D7E}.Debug|Any CPU.Build.0 = Debug|Any CPU
		{5E402D2D-89D1-49B2-8E7C-EB50A38D6D7E}.Release|Any CPU.ActiveCfg = Release|Any CPU
		{5E402D2D-89D1-49B2-8E7C-EB50A38D6D7E}.Release|Any CPU.Build.0 = Release|Any CPU
	EndGlobalSection
	GlobalSection(SolutionProperties) = preSolution
		HideSolutionNode = FALSE
	EndGlobalSection
EndGlobal
